
Microsoft Visual Studio Solution File, Format Version 12.00
# Visual Studio Version 17
VisualStudioVersion = 17.9.34310.174
MinimumVisualStudioVersion = 10.0.40219.1
Project("{FAE04EC0-301F-11D3-BF4B-00C04F79EFBC}") = "DapperAndSignalR_Project.API", "DapperAndSignalR_Project.API\DapperAndSignalR_Project.API.csproj", "{26D676F8-6CC8-4500-B138-F13F2F09E5E0}"
EndProject
Project("{FAE04EC0-301F-11D3-BF4B-00C04F79EFBC}") = "DapperAndSignalR_Project.UI", "DapperAndSignalR_Project.UI\DapperAndSignalR_Project.UI.csproj", "{6FF73321-DD57-423F-BB5C-BA5892C312F3}"
EndProject
Global
	GlobalSection(SolutionConfigurationPlatforms) = preSolution
		Debug|Any CPU = Debug|Any CPU
		Release|Any CPU = Release|Any CPU
	EndGlobalSection
	GlobalSection(ProjectConfigurationPlatforms) = postSolution
		{26D676F8-6CC8-4500-B138-F13F2F09E5E0}.Debug|Any CPU.ActiveCfg = Debug|Any CPU
		{26D676F8-6CC8-4500-B138-F13F2F09E5E0}.Debug|Any CPU.Build.0 = Debug|Any CPU
		{26D676F8-6CC8-4500-B138-F13F2F09E5E0}.Release|Any CPU.ActiveCfg = Release|Any CPU
		{26D676F8-6CC8-4500-B138-F13F2F09E5E0}.Release|Any CPU.Build.0 = Release|Any CPU
		{6FF73321-DD57-423F-BB5C-BA5892C312F3}.Debug|Any CPU.ActiveCfg = Debug|Any CPU
		{6FF73321-DD57-423F-BB5C-BA5892C312F3}.Debug|Any CPU.Build.0 = Debug|Any CPU
		{6FF73321-DD57-423F-BB5C-BA5892C312F3}.Release|Any CPU.ActiveCfg = Release|Any CPU
		{6FF73321-DD57-423F-BB5C-BA5892C312F3}.Release|Any CPU.Build.0 = Release|Any CPU
	EndGlobalSection
	GlobalSection(SolutionProperties) = preSolution
		HideSolutionNode = FALSE
	EndGlobalSection
	GlobalSection(ExtensibilityGlobals) = postSolution
		SolutionGuid = {1DFBB24C-8765-4926-89BD-08744A8313BD}
	EndGlobalSection
EndGlobal
